
Microsoft Visual Studio Solution File, Format Version 12.00
# Visual Studio 15
VisualStudioVersion = 15.0.28010.2016
MinimumVisualStudioVersion = 10.0.40219.1
Project("{FAE04EC0-301F-11D3-BF4B-00C04F79EFBC}") = "Social", "Social\Social.csproj", "{D2515722-6A2A-4E5E-A420-CB476BE29330}"
EndProject
Global
	GlobalSection(SolutionConfigurationPlatforms) = preSolution
		Debug|Any CPU = Debug|Any CPU
		Release|Any CPU = Release|Any CPU
	EndGlobalSection
	GlobalSection(ProjectConfigurationPlatforms) = postSolution
		{D2515722-6A2A-4E5E-A420-CB476BE29330}.Debug|Any CPU.ActiveCfg = Debug|Any CPU
		{D2515722-6A2A-4E5E-A420-CB476BE29330}.Debug|Any CPU.Build.0 = Debug|Any CPU
		{D2515722-6A2A-4E5E-A420-CB476BE29330}.Release|Any CPU.ActiveCfg = Release|Any CPU
		{D2515722-6A2A-4E5E-A420-CB476BE29330}.Release|Any CPU.Build.0 = Release|Any CPU
	EndGlobalSection
	GlobalSection(SolutionProperties) = preSolution
		HideSolutionNode = FALSE
	EndGlobalSection
	GlobalSection(ExtensibilityGlobals) = postSolution
		SolutionGuid = {DC4C1FB1-2F33-4633-A74F-FC8CF345B3A2}
	EndGlobalSection
EndGlobal
